// !$*UTF8*$!
{
	archiveVersion = 1;
	classes = {
	};
	objectVersion = 46;
	objects = {

/* Begin PBXBuildFile section */
		1D3623260D0F684500981E51 /* BomberBillyAppDelegate.m in Sources */ = {isa = PBXBuildFile; fileRef = 1D3623250D0F684500981E51 /* BomberBillyAppDelegate.m */; };
		1D60589B0D05DD56006BFB54 /* main.m in Sources */ = {isa = PBXBuildFile; fileRef = 29B97316FDCFA39411CA2CEA /* main.m */; };
		1D60589F0D05DD5A006BFB54 /* Foundation.framework in Frameworks */ = {isa = PBXBuildFile; fileRef = 1D30AB110D05D00D00671497 /* Foundation.framework */; };
		1DF5F4E00D08C38300B7A737 /* UIKit.framework in Frameworks */ = {isa = PBXBuildFile; fileRef = 1DF5F4DF0D08C38300B7A737 /* UIKit.framework */; };
		288765A50DF7441C002DB57D /* CoreGraphics.framework in Frameworks */ = {isa = PBXBuildFile; fileRef = 288765A40DF7441C002DB57D /* CoreGraphics.framework */; };
		2899E5220DE3E06400AC0155 /* BomberBillyViewController.xib in Resources */ = {isa = PBXBuildFile; fileRef = 2899E5210DE3E06400AC0155 /* BomberBillyViewController.xib */; };
		28D7ACF80DDB3853001CB0EB /* BomberBillyViewController.m in Sources */ = {isa = PBXBuildFile; fileRef = 28D7ACF70DDB3853001CB0EB /* BomberBillyViewController.m */; };
		2A07D1B71337CFAE00B37CB6 /* TutorialLevel.mm in Sources */ = {isa = PBXBuildFile; fileRef = 2A07D1B61337CFAE00B37CB6 /* TutorialLevel.mm */; };
		2A07F81D133F5F8B00A0E0BB /* LevelThree.mm in Sources */ = {isa = PBXBuildFile; fileRef = 2A07F81C133F5F8B00A0E0BB /* LevelThree.mm */; };
		2A07F820133F79E000A0E0BB /* Entity.m in Sources */ = {isa = PBXBuildFile; fileRef = 2A07F81F133F79DE00A0E0BB /* Entity.m */; };
		2A35401B1309B27300AE4920 /* ResourceManager.mm in Sources */ = {isa = PBXBuildFile; fileRef = 2A35401A1309B27300AE4920 /* ResourceManager.mm */; };
		2A3540231309B8B000AE4920 /* GLESGameState.m in Sources */ = {isa = PBXBuildFile; fileRef = 2A3540221309B8B000AE4920 /* GLESGameState.m */; };
		2A3540341309BA9300AE4920 /* OpenGLES.framework in Frameworks */ = {isa = PBXBuildFile; fileRef = 2A3540331309BA9300AE4920 /* OpenGLES.framework */; };
		2A3540381309BAA200AE4920 /* QuartzCore.framework in Frameworks */ = {isa = PBXBuildFile; fileRef = 2A3540371309BAA200AE4920 /* QuartzCore.framework */; };
		2A3540731309BF5100AE4920 /* GLTexture.m in Sources */ = {isa = PBXBuildFile; fileRef = 2A3540721309BF5100AE4920 /* GLTexture.m */; };
		2A3541BF1309DEF300AE4920 /* GLFont.m in Sources */ = {isa = PBXBuildFile; fileRef = 2A3541BE1309DEF300AE4920 /* GLFont.m */; };
		2A439DC8133D28B2003EB819 /* marker.png in Resources */ = {isa = PBXBuildFile; fileRef = 2A439DC7133D28B2003EB819 /* marker.png */; };
		2A64403F130B31FB00C0C09F /* Sprite.m in Sources */ = {isa = PBXBuildFile; fileRef = 2A64403E130B31FB00C0C09F /* Sprite.m */; };
		2A64404F130B349A00C0C09F /* AnimationSequence.mm in Sources */ = {isa = PBXBuildFile; fileRef = 2A64404E130B349A00C0C09F /* AnimationSequence.mm */; };
		2A644052130B34A500C0C09F /* Animation.m in Sources */ = {isa = PBXBuildFile; fileRef = 2A644051130B34A500C0C09F /* Animation.m */; };
		2A7E6A25132AEEED00D50679 /* ElevatorTile.m in Sources */ = {isa = PBXBuildFile; fileRef = 2A7E6A24132AEEED00D50679 /* ElevatorTile.m */; };
		2A8B820A1337E6860008AA85 /* MainWindow.xib in Resources */ = {isa = PBXBuildFile; fileRef = 2A8B82091337E6860008AA85 /* MainWindow.xib */; };
		2A8B820D1337E7430008AA85 /* GameStateTutorial.mm in Sources */ = {isa = PBXBuildFile; fileRef = 2A8B820C1337E7430008AA85 /* GameStateTutorial.mm */; };
		2A8C59CF134A33610026A894 /* GameStateMenu.m in Sources */ = {isa = PBXBuildFile; fileRef = 2A8C59CE134A33610026A894 /* GameStateMenu.m */; };
		2A8C59D1134A37520026A894 /* menu.png in Resources */ = {isa = PBXBuildFile; fileRef = 2A8C59D0134A37520026A894 /* menu.png */; };
		2A8C59D4134A450C0026A894 /* GameStateLevelEditor.mm in Sources */ = {isa = PBXBuildFile; fileRef = 2A8C59D3134A45090026A894 /* GameStateLevelEditor.mm */; };
		2A8C59D6134A47C00026A894 /* background_leveleditor.png in Resources */ = {isa = PBXBuildFile; fileRef = 2A8C59D5134A47C00026A894 /* background_leveleditor.png */; };
		2A9AFCE1132D5DC8000A7866 /* sprites_enemies.png in Resources */ = {isa = PBXBuildFile; fileRef = 2A9AFCE0132D5DC8000A7866 /* sprites_enemies.png */; };
		2AA45522131D77B90012E85E /* CoreMotion.framework in Frameworks */ = {isa = PBXBuildFile; fileRef = 2AA45521131D77B90012E85E /* CoreMotion.framework */; };
		2AAC71D9133383B900680403 /* DebugElevators.mm in Sources */ = {isa = PBXBuildFile; fileRef = 2AAC71D8133383B900680403 /* DebugElevators.mm */; };
		2AAC73301333AA4800680403 /* DebugTileDetection.mm in Sources */ = {isa = PBXBuildFile; fileRef = 2AAC732F1333AA4800680403 /* DebugTileDetection.mm */; };
		2AB3C00C133D139000C890B6 /* FeedbackItem.m in Sources */ = {isa = PBXBuildFile; fileRef = 2AB3C00B133D139000C890B6 /* FeedbackItem.m */; };
		2ABBE62D13141C1500E3A2B9 /* Tile.m in Sources */ = {isa = PBXBuildFile; fileRef = 2ABBE62C13141C1500E3A2B9 /* Tile.m */; };
		2ABBE64D131510BD00E3A2B9 /* tiles.png in Resources */ = {isa = PBXBuildFile; fileRef = 2ABBE64C131510BD00E3A2B9 /* tiles.png */; };
		2ABBE823131541EA00E3A2B9 /* World.mm in Sources */ = {isa = PBXBuildFile; fileRef = 2ABBE822131541EA00E3A2B9 /* World.mm */; };
		2AC1E99F1324272E00F85320 /* background.png in Resources */ = {isa = PBXBuildFile; fileRef = 2AC1E99E1324272E00F85320 /* background.png */; };
		2AC862E913354232004A65B9 /* SwitchTile.m in Sources */ = {isa = PBXBuildFile; fileRef = 2AC862E813354232004A65B9 /* SwitchTile.m */; };
		2AF01FA7132E933B007C3713 /* DebugLevel.mm in Sources */ = {isa = PBXBuildFile; fileRef = 2AF01FA6132E933B007C3713 /* DebugLevel.mm */; };
		2AF01FBC132E9434007C3713 /* Level.mm in Sources */ = {isa = PBXBuildFile; fileRef = 2AF01FBB132E9434007C3713 /* Level.mm */; };
		2AF0215F132EB2F6007C3713 /* LevelOne.mm in Sources */ = {isa = PBXBuildFile; fileRef = 2AF0215E132EB2F6007C3713 /* LevelOne.mm */; };
		2AF021DF132EBCFE007C3713 /* GameStateGameOver.m in Sources */ = {isa = PBXBuildFile; fileRef = 2AF021DE132EBCFE007C3713 /* GameStateGameOver.m */; };
		2AF02462132EE121007C3713 /* LevelTwo.mm in Sources */ = {isa = PBXBuildFile; fileRef = 2AF02461132EE121007C3713 /* LevelTwo.mm */; };
		2AF5BBBA130C423B00EA2F85 /* Configuration.plist in Resources */ = {isa = PBXBuildFile; fileRef = 2AF5BBB9130C423B00EA2F85 /* Configuration.plist */; };
		2AF5BBCD130C485700EA2F85 /* GameStateMain.mm in Sources */ = {isa = PBXBuildFile; fileRef = 2AF5BBCC130C485700EA2F85 /* GameStateMain.mm */; };
		BA99BA8512E77251003B6159 /* GameState.m in Sources */ = {isa = PBXBuildFile; fileRef = BA99BA8412E77251003B6159 /* GameState.m */; };
		BA99BA8812E77271003B6159 /* GameStateManager.m in Sources */ = {isa = PBXBuildFile; fileRef = BA99BA8712E77271003B6159 /* GameStateManager.m */; };
		BAC2F1161312ACDA007C86F2 /* Constants.m in Sources */ = {isa = PBXBuildFile; fileRef = BAC2F1151312ACDA007C86F2 /* Constants.m */; };
		BAC2F1811312BD51007C86F2 /* sprites_hero.png in Resources */ = {isa = PBXBuildFile; fileRef = BAC2F1801312BD51007C86F2 /* sprites_hero.png */; };
		BAC2F21A1312C863007C86F2 /* Hero.m in Sources */ = {isa = PBXBuildFile; fileRef = BAC2F2191312C863007C86F2 /* Hero.m */; };
		BAC2F2301312CA51007C86F2 /* Enemy.m in Sources */ = {isa = PBXBuildFile; fileRef = BAC2F22F1312CA51007C86F2 /* Enemy.m */; };
		CE91557716090A91003C8BD2 /* README.txt in Resources */ = {isa = PBXBuildFile; fileRef = CE91557616090A91003C8BD2 /* README.txt */; };
/* End PBXBuildFile section */

/* Begin PBXFileReference section */
		1D30AB110D05D00D00671497 /* Foundation.framework */ = {isa = PBXFileReference; lastKnownFileType = wrapper.framework; name = Foundation.framework; path = System/Library/Frameworks/Foundation.framework; sourceTree = SDKROOT; };
		1D3623240D0F684500981E51 /* BomberBillyAppDelegate.h */ = {isa = PBXFileReference; fileEncoding = 4; lastKnownFileType = sourcecode.c.h; path = BomberBillyAppDelegate.h; sourceTree = "<group>"; };
		1D3623250D0F684500981E51 /* BomberBillyAppDelegate.m */ = {isa = PBXFileReference; fileEncoding = 4; lastKnownFileType = sourcecode.c.objc; path = BomberBillyAppDelegate.m; sourceTree = "<group>"; };
		1DF5F4DF0D08C38300B7A737 /* UIKit.framework */ = {isa = PBXFileReference; lastKnownFileType = wrapper.framework; name = UIKit.framework; path = System/Library/Frameworks/UIKit.framework; sourceTree = SDKROOT; };
		288765A40DF7441C002DB57D /* CoreGraphics.framework */ = {isa = PBXFileReference; lastKnownFileType = wrapper.framework; name = CoreGraphics.framework; path = System/Library/Frameworks/CoreGraphics.framework; sourceTree = SDKROOT; };
		2899E5210DE3E06400AC0155 /* BomberBillyViewController.xib */ = {isa = PBXFileReference; lastKnownFileType = file.xib; path = BomberBillyViewController.xib; sourceTree = "<group>"; };
		28D7ACF60DDB3853001CB0EB /* BomberBillyViewController.h */ = {isa = PBXFileReference; fileEncoding = 4; lastKnownFileType = sourcecode.c.h; path = BomberBillyViewController.h; sourceTree = "<group>"; };
		28D7ACF70DDB3853001CB0EB /* BomberBillyViewController.m */ = {isa = PBXFileReference; fileEncoding = 4; lastKnownFileType = sourcecode.c.objc; path = BomberBillyViewController.m; sourceTree = "<group>"; };
		29B97316FDCFA39411CA2CEA /* main.m */ = {isa = PBXFileReference; fileEncoding = 4; lastKnownFileType = sourcecode.c.objc; path = main.m; sourceTree = "<group>"; };
		2A07D1B51337CFAE00B37CB6 /* TutorialLevel.h */ = {isa = PBXFileReference; fileEncoding = 4; lastKnownFileType = sourcecode.c.h; path = TutorialLevel.h; sourceTree = "<group>"; };
		2A07D1B61337CFAE00B37CB6 /* TutorialLevel.mm */ = {isa = PBXFileReference; fileEncoding = 4; lastKnownFileType = sourcecode.cpp.objcpp; path = TutorialLevel.mm; sourceTree = "<group>"; };
		2A07F81B133F5F8B00A0E0BB /* LevelThree.h */ = {isa = PBXFileReference; fileEncoding = 4; lastKnownFileType = sourcecode.c.h; path = LevelThree.h; sourceTree = "<group>"; };
		2A07F81C133F5F8B00A0E0BB /* LevelThree.mm */ = {isa = PBXFileReference; fileEncoding = 4; lastKnownFileType = sourcecode.cpp.objcpp; path = LevelThree.mm; sourceTree = "<group>"; };
		2A07F81E133F79DD00A0E0BB /* Entity.h */ = {isa = PBXFileReference; fileEncoding = 4; lastKnownFileType = sourcecode.c.h; path = Entity.h; sourceTree = "<group>"; };
		2A07F81F133F79DE00A0E0BB /* Entity.m */ = {isa = PBXFileReference; fileEncoding = 4; lastKnownFileType = sourcecode.c.objc; path = Entity.m; sourceTree = "<group>"; };
		2A3540191309B27300AE4920 /* ResourceManager.h */ = {isa = PBXFileReference; fileEncoding = 4; lastKnownFileType = sourcecode.c.h; path = ResourceManager.h; sourceTree = "<group>"; };
		2A35401A1309B27300AE4920 /* ResourceManager.mm */ = {isa = PBXFileReference; fileEncoding = 4; lastKnownFileType = sourcecode.cpp.objcpp; path = ResourceManager.mm; sourceTree = "<group>"; };
		2A3540211309B8B000AE4920 /* GLESGameState.h */ = {isa = PBXFileReference; fileEncoding = 4; lastKnownFileType = sourcecode.c.h; path = GLESGameState.h; sourceTree = "<group>"; };
		2A3540221309B8B000AE4920 /* GLESGameState.m */ = {isa = PBXFileReference; fileEncoding = 4; lastKnownFileType = sourcecode.c.objc; path = GLESGameState.m; sourceTree = "<group>"; };
		2A3540331309BA9300AE4920 /* OpenGLES.framework */ = {isa = PBXFileReference; lastKnownFileType = wrapper.framework; name = OpenGLES.framework; path = System/Library/Frameworks/OpenGLES.framework; sourceTree = SDKROOT; };
		2A3540371309BAA200AE4920 /* QuartzCore.framework */ = {isa = PBXFileReference; lastKnownFileType = wrapper.framework; name = QuartzCore.framework; path = System/Library/Frameworks/QuartzCore.framework; sourceTree = SDKROOT; };
		2A3540711309BF5100AE4920 /* GLTexture.h */ = {isa = PBXFileReference; fileEncoding = 4; lastKnownFileType = sourcecode.c.h; path = GLTexture.h; sourceTree = "<group>"; };
		2A3540721309BF5100AE4920 /* GLTexture.m */ = {isa = PBXFileReference; fileEncoding = 4; lastKnownFileType = sourcecode.c.objc; path = GLTexture.m; sourceTree = "<group>"; };
		2A3541BD1309DEF300AE4920 /* GLFont.h */ = {isa = PBXFileReference; fileEncoding = 4; lastKnownFileType = sourcecode.c.h; path = GLFont.h; sourceTree = "<group>"; };
		2A3541BE1309DEF300AE4920 /* GLFont.m */ = {isa = PBXFileReference; fileEncoding = 4; lastKnownFileType = sourcecode.c.objc; path = GLFont.m; sourceTree = "<group>"; };
		2A3A35101336AE0D00957806 /* Common.h */ = {isa = PBXFileReference; fileEncoding = 4; lastKnownFileType = sourcecode.c.h; path = Common.h; sourceTree = "<group>"; };
		2A439DC7133D28B2003EB819 /* marker.png */ = {isa = PBXFileReference; lastKnownFileType = image.png; name = marker.png; path = Resources/marker.png; sourceTree = "<group>"; };
		2A64403D130B31FB00C0C09F /* Sprite.h */ = {isa = PBXFileReference; fileEncoding = 4; lastKnownFileType = sourcecode.c.h; path = Sprite.h; sourceTree = "<group>"; };
		2A64403E130B31FB00C0C09F /* Sprite.m */ = {isa = PBXFileReference; fileEncoding = 4; lastKnownFileType = sourcecode.c.objc; path = Sprite.m; sourceTree = "<group>"; };
		2A64404D130B349A00C0C09F /* AnimationSequence.h */ = {isa = PBXFileReference; fileEncoding = 4; lastKnownFileType = sourcecode.c.h; path = AnimationSequence.h; sourceTree = "<group>"; };
		2A64404E130B349A00C0C09F /* AnimationSequence.mm */ = {isa = PBXFileReference; fileEncoding = 4; lastKnownFileType = sourcecode.cpp.objcpp; path = AnimationSequence.mm; sourceTree = "<group>"; };
		2A644050130B34A500C0C09F /* Animation.h */ = {isa = PBXFileReference; fileEncoding = 4; lastKnownFileType = sourcecode.c.h; path = Animation.h; sourceTree = "<group>"; };
		2A644051130B34A500C0C09F /* Animation.m */ = {isa = PBXFileReference; fileEncoding = 4; lastKnownFileType = sourcecode.c.objc; path = Animation.m; sourceTree = "<group>"; };
		2A779E3D1337DFBD0028B318 /* ImportLevels.h */ = {isa = PBXFileReference; fileEncoding = 4; lastKnownFileType = sourcecode.c.h; path = ImportLevels.h; sourceTree = "<group>"; };
		2A7E6A23132AEEED00D50679 /* ElevatorTile.h */ = {isa = PBXFileReference; fileEncoding = 4; lastKnownFileType = sourcecode.c.h; path = ElevatorTile.h; sourceTree = "<group>"; };
		2A7E6A24132AEEED00D50679 /* ElevatorTile.m */ = {isa = PBXFileReference; fileEncoding = 4; lastKnownFileType = sourcecode.c.objc; path = ElevatorTile.m; sourceTree = "<group>"; };
		2A8B82071337E46B0008AA85 /* BomberBilly.app */ = {isa = PBXFileReference; explicitFileType = wrapper.application; includeInIndex = 0; path = BomberBilly.app; sourceTree = BUILT_PRODUCTS_DIR; };
		2A8B82091337E6860008AA85 /* MainWindow.xib */ = {isa = PBXFileReference; fileEncoding = 4; lastKnownFileType = file.xib; path = MainWindow.xib; sourceTree = "<group>"; };
		2A8B820B1337E7430008AA85 /* GameStateTutorial.h */ = {isa = PBXFileReference; fileEncoding = 4; lastKnownFileType = sourcecode.c.h; path = GameStateTutorial.h; sourceTree = "<group>"; };
		2A8B820C1337E7430008AA85 /* GameStateTutorial.mm */ = {isa = PBXFileReference; fileEncoding = 4; lastKnownFileType = sourcecode.cpp.objcpp; path = GameStateTutorial.mm; sourceTree = "<group>"; };
		2A8B82451337F8500008AA85 /* Callback.h */ = {isa = PBXFileReference; fileEncoding = 4; lastKnownFileType = sourcecode.c.h; path = Callback.h; sourceTree = "<group>"; };
		2A8B82461337F8DB0008AA85 /* CallLogging.h */ = {isa = PBXFileReference; fileEncoding = 4; lastKnownFileType = sourcecode.c.h; path = CallLogging.h; sourceTree = "<group>"; };
		2A8B82471337FA310008AA85 /* FeedbackItem_.h */ = {isa = PBXFileReference; fileEncoding = 4; lastKnownFileType = sourcecode.c.h; path = FeedbackItem_.h; sourceTree = "<group>"; };
		2A8C59CD134A33610026A894 /* GameStateMenu.h */ = {isa = PBXFileReference; fileEncoding = 4; lastKnownFileType = sourcecode.c.h; path = GameStateMenu.h; sourceTree = "<group>"; };
		2A8C59CE134A33610026A894 /* GameStateMenu.m */ = {isa = PBXFileReference; fileEncoding = 4; lastKnownFileType = sourcecode.c.objc; path = GameStateMenu.m; sourceTree = "<group>"; };
		2A8C59D0134A37520026A894 /* menu.png */ = {isa = PBXFileReference; lastKnownFileType = image.png; name = menu.png; path = Resources/menu.png; sourceTree = "<group>"; };
		2A8C59D2134A45070026A894 /* GameStateLevelEditor.h */ = {isa = PBXFileReference; fileEncoding = 4; lastKnownFileType = sourcecode.c.h; path = GameStateLevelEditor.h; sourceTree = "<group>"; };
		2A8C59D3134A45090026A894 /* GameStateLevelEditor.mm */ = {isa = PBXFileReference; fileEncoding = 4; lastKnownFileType = sourcecode.cpp.objcpp; path = GameStateLevelEditor.mm; sourceTree = "<group>"; };
		2A8C59D5134A47C00026A894 /* background_leveleditor.png */ = {isa = PBXFileReference; lastKnownFileType = image.png; name = background_leveleditor.png; path = Resources/background_leveleditor.png; sourceTree = "<group>"; };
		2A9AFCE0132D5DC8000A7866 /* sprites_enemies.png */ = {isa = PBXFileReference; lastKnownFileType = image.png; name = sprites_enemies.png; path = Resources/sprites_enemies.png; sourceTree = "<group>"; };
		2AA45521131D77B90012E85E /* CoreMotion.framework */ = {isa = PBXFileReference; lastKnownFileType = wrapper.framework; name = CoreMotion.framework; path = System/Library/Frameworks/CoreMotion.framework; sourceTree = SDKROOT; };
		2AAC71D7133383B900680403 /* DebugElevators.h */ = {isa = PBXFileReference; fileEncoding = 4; lastKnownFileType = sourcecode.c.h; path = DebugElevators.h; sourceTree = "<group>"; };
		2AAC71D8133383B900680403 /* DebugElevators.mm */ = {isa = PBXFileReference; fileEncoding = 4; lastKnownFileType = sourcecode.cpp.objcpp; path = DebugElevators.mm; sourceTree = "<group>"; };
		2AAC732E1333AA4800680403 /* DebugTileDetection.h */ = {isa = PBXFileReference; fileEncoding = 4; lastKnownFileType = sourcecode.c.h; path = DebugTileDetection.h; sourceTree = "<group>"; };
		2AAC732F1333AA4800680403 /* DebugTileDetection.mm */ = {isa = PBXFileReference; fileEncoding = 4; lastKnownFileType = sourcecode.cpp.objcpp; path = DebugTileDetection.mm; sourceTree = "<group>"; };
		2AB3C00A133D139000C890B6 /* FeedbackItem.h */ = {isa = PBXFileReference; fileEncoding = 4; lastKnownFileType = sourcecode.c.h; path = FeedbackItem.h; sourceTree = "<group>"; };
		2AB3C00B133D139000C890B6 /* FeedbackItem.m */ = {isa = PBXFileReference; fileEncoding = 4; lastKnownFileType = sourcecode.c.objc; path = FeedbackItem.m; sourceTree = "<group>"; };
		2ABBE62B13141C1500E3A2B9 /* Tile.h */ = {isa = PBXFileReference; fileEncoding = 4; lastKnownFileType = sourcecode.c.h; path = Tile.h; sourceTree = "<group>"; };
		2ABBE62C13141C1500E3A2B9 /* Tile.m */ = {isa = PBXFileReference; fileEncoding = 4; lastKnownFileType = sourcecode.c.objc; path = Tile.m; sourceTree = "<group>"; };
		2ABBE64C131510BD00E3A2B9 /* tiles.png */ = {isa = PBXFileReference; lastKnownFileType = image.png; name = tiles.png; path = Resources/tiles.png; sourceTree = "<group>"; };
		2ABBE821131541EA00E3A2B9 /* World.h */ = {isa = PBXFileReference; fileEncoding = 4; lastKnownFileType = sourcecode.c.h; path = World.h; sourceTree = "<group>"; };
		2ABBE822131541EA00E3A2B9 /* World.mm */ = {isa = PBXFileReference; fileEncoding = 4; lastKnownFileType = sourcecode.cpp.objcpp; path = World.mm; sourceTree = "<group>"; };
		2AC1E99E1324272E00F85320 /* background.png */ = {isa = PBXFileReference; lastKnownFileType = image.png; name = background.png; path = Resources/background.png; sourceTree = "<group>"; };
		2AC862E713354232004A65B9 /* SwitchTile.h */ = {isa = PBXFileReference; fileEncoding = 4; lastKnownFileType = sourcecode.c.h; path = SwitchTile.h; sourceTree = "<group>"; };
		2AC862E813354232004A65B9 /* SwitchTile.m */ = {isa = PBXFileReference; fileEncoding = 4; lastKnownFileType = sourcecode.c.objc; path = SwitchTile.m; sourceTree = "<group>"; };
		2AF01FA5132E933B007C3713 /* DebugLevel.h */ = {isa = PBXFileReference; fileEncoding = 4; lastKnownFileType = sourcecode.c.h; path = DebugLevel.h; sourceTree = "<group>"; };
		2AF01FA6132E933B007C3713 /* DebugLevel.mm */ = {isa = PBXFileReference; fileEncoding = 4; lastKnownFileType = sourcecode.cpp.objcpp; path = DebugLevel.mm; sourceTree = "<group>"; };
		2AF01FBA132E9434007C3713 /* Level.h */ = {isa = PBXFileReference; fileEncoding = 4; lastKnownFileType = sourcecode.c.h; path = Level.h; sourceTree = "<group>"; };
		2AF01FBB132E9434007C3713 /* Level.mm */ = {isa = PBXFileReference; fileEncoding = 4; lastKnownFileType = sourcecode.cpp.objcpp; path = Level.mm; sourceTree = "<group>"; };
		2AF0215D132EB2F6007C3713 /* LevelOne.h */ = {isa = PBXFileReference; fileEncoding = 4; lastKnownFileType = sourcecode.c.h; path = LevelOne.h; sourceTree = "<group>"; };
		2AF0215E132EB2F6007C3713 /* LevelOne.mm */ = {isa = PBXFileReference; fileEncoding = 4; lastKnownFileType = sourcecode.cpp.objcpp; path = LevelOne.mm; sourceTree = "<group>"; };
		2AF021DD132EBCFE007C3713 /* GameStateGameOver.h */ = {isa = PBXFileReference; fileEncoding = 4; lastKnownFileType = sourcecode.c.h; path = GameStateGameOver.h; sourceTree = "<group>"; };
		2AF021DE132EBCFE007C3713 /* GameStateGameOver.m */ = {isa = PBXFileReference; fileEncoding = 4; lastKnownFileType = sourcecode.c.objc; path = GameStateGameOver.m; sourceTree = "<group>"; };
		2AF02460132EE121007C3713 /* LevelTwo.h */ = {isa = PBXFileReference; fileEncoding = 4; lastKnownFileType = sourcecode.c.h; path = LevelTwo.h; sourceTree = "<group>"; };
		2AF02461132EE121007C3713 /* LevelTwo.mm */ = {isa = PBXFileReference; fileEncoding = 4; lastKnownFileType = sourcecode.cpp.objcpp; path = LevelTwo.mm; sourceTree = "<group>"; };
		2AF5BBB9130C423B00EA2F85 /* Configuration.plist */ = {isa = PBXFileReference; fileEncoding = 4; lastKnownFileType = text.plist.xml; path = Configuration.plist; sourceTree = "<group>"; };
		2AF5BBCB130C485700EA2F85 /* GameStateMain.h */ = {isa = PBXFileReference; fileEncoding = 4; lastKnownFileType = sourcecode.c.h; path = GameStateMain.h; sourceTree = "<group>"; };
		2AF5BBCC130C485700EA2F85 /* GameStateMain.mm */ = {isa = PBXFileReference; fileEncoding = 4; lastKnownFileType = sourcecode.cpp.objcpp; path = GameStateMain.mm; sourceTree = "<group>"; };
		32CA4F630368D1EE00C91783 /* BomberBilly_Prefix.pch */ = {isa = PBXFileReference; fileEncoding = 4; lastKnownFileType = sourcecode.c.h; path = BomberBilly_Prefix.pch; sourceTree = "<group>"; };
		8D1107310486CEB800E47090 /* BomberBilly-Info.plist */ = {isa = PBXFileReference; fileEncoding = 4; lastKnownFileType = text.plist.xml; path = "BomberBilly-Info.plist"; plistStructureDefinitionIdentifier = "com.apple.xcode.plist.structure-definition.iphone.info-plist"; sourceTree = "<group>"; };
		BA99BA8312E77251003B6159 /* GameState.h */ = {isa = PBXFileReference; fileEncoding = 4; lastKnownFileType = sourcecode.c.h; path = GameState.h; sourceTree = "<group>"; };
		BA99BA8412E77251003B6159 /* GameState.m */ = {isa = PBXFileReference; fileEncoding = 4; lastKnownFileType = sourcecode.c.objc; path = GameState.m; sourceTree = "<group>"; };
		BA99BA8612E77271003B6159 /* GameStateManager.h */ = {isa = PBXFileReference; fileEncoding = 4; lastKnownFileType = sourcecode.c.h; path = GameStateManager.h; sourceTree = "<group>"; };
		BA99BA8712E77271003B6159 /* GameStateManager.m */ = {isa = PBXFileReference; fileEncoding = 4; lastKnownFileType = sourcecode.c.objc; path = GameStateManager.m; sourceTree = "<group>"; };
		BAC2F1141312ACDA007C86F2 /* Constants.h */ = {isa = PBXFileReference; fileEncoding = 4; lastKnownFileType = sourcecode.c.h; path = Constants.h; sourceTree = "<group>"; };
		BAC2F1151312ACDA007C86F2 /* Constants.m */ = {isa = PBXFileReference; fileEncoding = 4; lastKnownFileType = sourcecode.c.objc; path = Constants.m; sourceTree = "<group>"; };
		BAC2F1801312BD51007C86F2 /* sprites_hero.png */ = {isa = PBXFileReference; lastKnownFileType = image.png; name = sprites_hero.png; path = Resources/sprites_hero.png; sourceTree = "<group>"; };
		BAC2F2181312C863007C86F2 /* Hero.h */ = {isa = PBXFileReference; fileEncoding = 4; lastKnownFileType = sourcecode.c.h; path = Hero.h; sourceTree = "<group>"; };
		BAC2F2191312C863007C86F2 /* Hero.m */ = {isa = PBXFileReference; fileEncoding = 4; lastKnownFileType = sourcecode.c.objc; path = Hero.m; sourceTree = "<group>"; };
		BAC2F22E1312CA51007C86F2 /* Enemy.h */ = {isa = PBXFileReference; fileEncoding = 4; lastKnownFileType = sourcecode.c.h; path = Enemy.h; sourceTree = "<group>"; };
		BAC2F22F1312CA51007C86F2 /* Enemy.m */ = {isa = PBXFileReference; fileEncoding = 4; lastKnownFileType = sourcecode.c.objc; path = Enemy.m; sourceTree = "<group>"; };
		CE91557616090A91003C8BD2 /* README.txt */ = {isa = PBXFileReference; fileEncoding = 4; lastKnownFileType = text; path = README.txt; sourceTree = "<group>"; };
/* End PBXFileReference section */

/* Begin PBXFrameworksBuildPhase section */
		1D60588F0D05DD3D006BFB54 /* Frameworks */ = {
			isa = PBXFrameworksBuildPhase;
			buildActionMask = 2147483647;
			files = (
				1D60589F0D05DD5A006BFB54 /* Foundation.framework in Frameworks */,
				1DF5F4E00D08C38300B7A737 /* UIKit.framework in Frameworks */,
				288765A50DF7441C002DB57D /* CoreGraphics.framework in Frameworks */,
				2A3540341309BA9300AE4920 /* OpenGLES.framework in Frameworks */,
				2A3540381309BAA200AE4920 /* QuartzCore.framework in Frameworks */,
				2AA45522131D77B90012E85E /* CoreMotion.framework in Frameworks */,
			);
			runOnlyForDeploymentPostprocessing = 0;
		};
/* End PBXFrameworksBuildPhase section */

/* Begin PBXGroup section */
		080E96DDFE201D6D7F000001 /* Classes */ = {
			isa = PBXGroup;
			children = (
				2A643E8C130AFEF900C0C09F /* OpenGLES */,
				2A643E8D130AFF1C00C0C09F /* GameStates */,
				2A643E8E130AFF4700C0C09F /* GameObjects */,
				2A8B82411337F7440008AA85 /* Helpers */,
				1D3623240D0F684500981E51 /* BomberBillyAppDelegate.h */,
				1D3623250D0F684500981E51 /* BomberBillyAppDelegate.m */,
				28D7ACF60DDB3853001CB0EB /* BomberBillyViewController.h */,
				28D7ACF70DDB3853001CB0EB /* BomberBillyViewController.m */,
				BAC2F1141312ACDA007C86F2 /* Constants.h */,
				BAC2F1151312ACDA007C86F2 /* Constants.m */,
			);
			path = Classes;
			sourceTree = "<group>";
		};
		19C28FACFE9D520D11CA2CBB /* Products */ = {
			isa = PBXGroup;
			children = (
				2A8B82071337E46B0008AA85 /* BomberBilly.app */,
			);
			name = Products;
			sourceTree = "<group>";
		};
		29B97314FDCFA39411CA2CEA /* CustomTemplate */ = {
			isa = PBXGroup;
			children = (
				080E96DDFE201D6D7F000001 /* Classes */,
				29B97315FDCFA39411CA2CEA /* Other Sources */,
				29B97317FDCFA39411CA2CEA /* Resources */,
				29B97323FDCFA39411CA2CEA /* Frameworks */,
				19C28FACFE9D520D11CA2CBB /* Products */,
			);
			name = CustomTemplate;
			sourceTree = "<group>";
		};
		29B97315FDCFA39411CA2CEA /* Other Sources */ = {
			isa = PBXGroup;
			children = (
				CE91557616090A91003C8BD2 /* README.txt */,
				32CA4F630368D1EE00C91783 /* BomberBilly_Prefix.pch */,
				29B97316FDCFA39411CA2CEA /* main.m */,
			);
			name = "Other Sources";
			sourceTree = "<group>";
		};
		29B97317FDCFA39411CA2CEA /* Resources */ = {
			isa = PBXGroup;
			children = (
				2AF01F9E132E920C007C3713 /* Graphics */,
				2899E5210DE3E06400AC0155 /* BomberBillyViewController.xib */,
				2A8B82091337E6860008AA85 /* MainWindow.xib */,
				8D1107310486CEB800E47090 /* BomberBilly-Info.plist */,
				2AF5BBB9130C423B00EA2F85 /* Configuration.plist */,
			);
			name = Resources;
			sourceTree = "<group>";
		};
		29B97323FDCFA39411CA2CEA /* Frameworks */ = {
			isa = PBXGroup;
			children = (
				2AA45521131D77B90012E85E /* CoreMotion.framework */,
				1DF5F4DF0D08C38300B7A737 /* UIKit.framework */,
				1D30AB110D05D00D00671497 /* Foundation.framework */,
				288765A40DF7441C002DB57D /* CoreGraphics.framework */,
				2A3540331309BA9300AE4920 /* OpenGLES.framework */,
				2A3540371309BAA200AE4920 /* QuartzCore.framework */,
			);
			name = Frameworks;
			sourceTree = "<group>";
		};
		2A643E8C130AFEF900C0C09F /* OpenGLES */ = {
			isa = PBXGroup;
			children = (
				2A3541BD1309DEF300AE4920 /* GLFont.h */,
				2A3541BE1309DEF300AE4920 /* GLFont.m */,
				2A3540711309BF5100AE4920 /* GLTexture.h */,
				2A3540721309BF5100AE4920 /* GLTexture.m */,
			);
			name = OpenGLES;
			sourceTree = "<group>";
		};
		2A643E8D130AFF1C00C0C09F /* GameStates */ = {
			isa = PBXGroup;
			children = (
				2AA6BBAE131EDE2C00CFD849 /* Base */,
				2A8C59CD134A33610026A894 /* GameStateMenu.h */,
				2A8C59CE134A33610026A894 /* GameStateMenu.m */,
				2AF5BBCB130C485700EA2F85 /* GameStateMain.h */,
				2AF5BBCC130C485700EA2F85 /* GameStateMain.mm */,
				2A8B820B1337E7430008AA85 /* GameStateTutorial.h */,
				2A8B820C1337E7430008AA85 /* GameStateTutorial.mm */,
				2AF021DD132EBCFE007C3713 /* GameStateGameOver.h */,
				2AF021DE132EBCFE007C3713 /* GameStateGameOver.m */,
				2A8C59D2134A45070026A894 /* GameStateLevelEditor.h */,
				2A8C59D3134A45090026A894 /* GameStateLevelEditor.mm */,
			);
			name = GameStates;
			sourceTree = "<group>";
		};
		2A643E8E130AFF4700C0C09F /* GameObjects */ = {
			isa = PBXGroup;
			children = (
				2AF01FA4132E92F3007C3713 /* Levels */,
				BAC2F1901312C314007C86F2 /* Base */,
				2A3540191309B27300AE4920 /* ResourceManager.h */,
				2A35401A1309B27300AE4920 /* ResourceManager.mm */,
				BAC2F2181312C863007C86F2 /* Hero.h */,
				BAC2F2191312C863007C86F2 /* Hero.m */,
				BAC2F22E1312CA51007C86F2 /* Enemy.h */,
				BAC2F22F1312CA51007C86F2 /* Enemy.m */,
				2A7E6A23132AEEED00D50679 /* ElevatorTile.h */,
				2A7E6A24132AEEED00D50679 /* ElevatorTile.m */,
				2AC862E713354232004A65B9 /* SwitchTile.h */,
				2AC862E813354232004A65B9 /* SwitchTile.m */,
				2ABBE821131541EA00E3A2B9 /* World.h */,
				2ABBE822131541EA00E3A2B9 /* World.mm */,
			);
			name = GameObjects;
			sourceTree = "<group>";
		};
		2A8B82411337F7440008AA85 /* Helpers */ = {
			isa = PBXGroup;
			children = (
				2A3A35101336AE0D00957806 /* Common.h */,
				2A8B82451337F8500008AA85 /* Callback.h */,
				2A8B82461337F8DB0008AA85 /* CallLogging.h */,
				2A8B82471337FA310008AA85 /* FeedbackItem_.h */,
				2AB3C00A133D139000C890B6 /* FeedbackItem.h */,
				2AB3C00B133D139000C890B6 /* FeedbackItem.m */,
			);
			name = Helpers;
			sourceTree = "<group>";
		};
		2AA6BBAE131EDE2C00CFD849 /* Base */ = {
			isa = PBXGroup;
			children = (
				BA99BA8612E77271003B6159 /* GameStateManager.h */,
				BA99BA8712E77271003B6159 /* GameStateManager.m */,
				BA99BA8312E77251003B6159 /* GameState.h */,
				BA99BA8412E77251003B6159 /* GameState.m */,
				2A3540211309B8B000AE4920 /* GLESGameState.h */,
				2A3540221309B8B000AE4920 /* GLESGameState.m */,
			);
			name = Base;
			sourceTree = "<group>";
		};
		2AF01F9E132E920C007C3713 /* Graphics */ = {
			isa = PBXGroup;
			children = (
				2A8C59D5134A47C00026A894 /* background_leveleditor.png */,
				2A8C59D0134A37520026A894 /* menu.png */,
				2A439DC7133D28B2003EB819 /* marker.png */,
				2A9AFCE0132D5DC8000A7866 /* sprites_enemies.png */,
				2AC1E99E1324272E00F85320 /* background.png */,
				2ABBE64C131510BD00E3A2B9 /* tiles.png */,
				BAC2F1801312BD51007C86F2 /* sprites_hero.png */,
			);
			name = Graphics;
			sourceTree = "<group>";
		};
		2AF01FA4132E92F3007C3713 /* Levels */ = {
			isa = PBXGroup;
			children = (
				2A779E3D1337DFBD0028B318 /* ImportLevels.h */,
				2AF01FA5132E933B007C3713 /* DebugLevel.h */,
				2AF01FA6132E933B007C3713 /* DebugLevel.mm */,
				2AAC71D7133383B900680403 /* DebugElevators.h */,
				2AAC71D8133383B900680403 /* DebugElevators.mm */,
				2AAC732E1333AA4800680403 /* DebugTileDetection.h */,
				2AAC732F1333AA4800680403 /* DebugTileDetection.mm */,
				2A07D1B51337CFAE00B37CB6 /* TutorialLevel.h */,
				2A07D1B61337CFAE00B37CB6 /* TutorialLevel.mm */,
				2AF0215D132EB2F6007C3713 /* LevelOne.h */,
				2AF0215E132EB2F6007C3713 /* LevelOne.mm */,
				2AF02460132EE121007C3713 /* LevelTwo.h */,
				2AF02461132EE121007C3713 /* LevelTwo.mm */,
				2A07F81B133F5F8B00A0E0BB /* LevelThree.h */,
				2A07F81C133F5F8B00A0E0BB /* LevelThree.mm */,
			);
			name = Levels;
			sourceTree = "<group>";
		};
		BAC2F1901312C314007C86F2 /* Base */ = {
			isa = PBXGroup;
			children = (
				2A64404D130B349A00C0C09F /* AnimationSequence.h */,
				2A64404E130B349A00C0C09F /* AnimationSequence.mm */,
				2A644050130B34A500C0C09F /* Animation.h */,
				2A644051130B34A500C0C09F /* Animation.m */,
				2A64403D130B31FB00C0C09F /* Sprite.h */,
				2A64403E130B31FB00C0C09F /* Sprite.m */,
				2A07F81E133F79DD00A0E0BB /* Entity.h */,
				2A07F81F133F79DE00A0E0BB /* Entity.m */,
				2ABBE62B13141C1500E3A2B9 /* Tile.h */,
				2ABBE62C13141C1500E3A2B9 /* Tile.m */,
				2AF01FBA132E9434007C3713 /* Level.h */,
				2AF01FBB132E9434007C3713 /* Level.mm */,
			);
			name = Base;
			sourceTree = "<group>";
		};
/* End PBXGroup section */

/* Begin PBXNativeTarget section */
		1D6058900D05DD3D006BFB54 /* BomberBilly */ = {
			isa = PBXNativeTarget;
			buildConfigurationList = 1D6058960D05DD3E006BFB54 /* Build configuration list for PBXNativeTarget "BomberBilly" */;
			buildPhases = (
				1D60588D0D05DD3D006BFB54 /* Resources */,
				1D60588E0D05DD3D006BFB54 /* Sources */,
				1D60588F0D05DD3D006BFB54 /* Frameworks */,
			);
			buildRules = (
			);
			dependencies = (
			);
			name = BomberBilly;
			productName = BomberBilly;
			productReference = 2A8B82071337E46B0008AA85 /* BomberBilly.app */;
			productType = "com.apple.product-type.application";
		};
/* End PBXNativeTarget section */

/* Begin PBXProject section */
		29B97313FDCFA39411CA2CEA /* Project object */ = {
			isa = PBXProject;
			attributes = {
				LastUpgradeCheck = 0440;
			};
			buildConfigurationList = C01FCF4E08A954540054247B /* Build configuration list for PBXProject "BomberBilly" */;
			compatibilityVersion = "Xcode 3.2";
			developmentRegion = English;
			hasScannedForEncodings = 1;
			knownRegions = (
				English,
				Japanese,
				French,
				German,
			);
			mainGroup = 29B97314FDCFA39411CA2CEA /* CustomTemplate */;
			projectDirPath = "";
			projectRoot = "";
			targets = (
				1D6058900D05DD3D006BFB54 /* BomberBilly */,
			);
		};
/* End PBXProject section */

/* Begin PBXResourcesBuildPhase section */
		1D60588D0D05DD3D006BFB54 /* Resources */ = {
			isa = PBXResourcesBuildPhase;
			buildActionMask = 2147483647;
			files = (
				2899E5220DE3E06400AC0155 /* BomberBillyViewController.xib in Resources */,
				2AF5BBBA130C423B00EA2F85 /* Configuration.plist in Resources */,
				BAC2F1811312BD51007C86F2 /* sprites_hero.png in Resources */,
				2ABBE64D131510BD00E3A2B9 /* tiles.png in Resources */,
				2AC1E99F1324272E00F85320 /* background.png in Resources */,
				2A9AFCE1132D5DC8000A7866 /* sprites_enemies.png in Resources */,
				2A8B820A1337E6860008AA85 /* MainWindow.xib in Resources */,
				2A439DC8133D28B2003EB819 /* marker.png in Resources */,
				2A8C59D1134A37520026A894 /* menu.png in Resources */,
				2A8C59D6134A47C00026A894 /* background_leveleditor.png in Resources */,
				CE91557716090A91003C8BD2 /* README.txt in Resources */,
			);
			runOnlyForDeploymentPostprocessing = 0;
		};
/* End PBXResourcesBuildPhase section */

/* Begin PBXSourcesBuildPhase section */
		1D60588E0D05DD3D006BFB54 /* Sources */ = {
			isa = PBXSourcesBuildPhase;
			buildActionMask = 2147483647;
			files = (
				1D60589B0D05DD56006BFB54 /* main.m in Sources */,
				1D3623260D0F684500981E51 /* BomberBillyAppDelegate.m in Sources */,
				28D7ACF80DDB3853001CB0EB /* BomberBillyViewController.m in Sources */,
				BA99BA8512E77251003B6159 /* GameState.m in Sources */,
				BA99BA8812E77271003B6159 /* GameStateManager.m in Sources */,
				2A35401B1309B27300AE4920 /* ResourceManager.mm in Sources */,
				2A3540231309B8B000AE4920 /* GLESGameState.m in Sources */,
				2A3540731309BF5100AE4920 /* GLTexture.m in Sources */,
				2A3541BF1309DEF300AE4920 /* GLFont.m in Sources */,
				2A64403F130B31FB00C0C09F /* Sprite.m in Sources */,
				2A64404F130B349A00C0C09F /* AnimationSequence.mm in Sources */,
				2A644052130B34A500C0C09F /* Animation.m in Sources */,
				2AF5BBCD130C485700EA2F85 /* GameStateMain.mm in Sources */,
				BAC2F1161312ACDA007C86F2 /* Constants.m in Sources */,
				BAC2F21A1312C863007C86F2 /* Hero.m in Sources */,
				BAC2F2301312CA51007C86F2 /* Enemy.m in Sources */,
				2ABBE62D13141C1500E3A2B9 /* Tile.m in Sources */,
				2ABBE823131541EA00E3A2B9 /* World.mm in Sources */,
				2A7E6A25132AEEED00D50679 /* ElevatorTile.m in Sources */,
				2AF01FA7132E933B007C3713 /* DebugLevel.mm in Sources */,
				2AF01FBC132E9434007C3713 /* Level.mm in Sources */,
				2AF0215F132EB2F6007C3713 /* LevelOne.mm in Sources */,
				2AF021DF132EBCFE007C3713 /* GameStateGameOver.m in Sources */,
				2AF02462132EE121007C3713 /* LevelTwo.mm in Sources */,
				2AAC71D9133383B900680403 /* DebugElevators.mm in Sources */,
				2AAC73301333AA4800680403 /* DebugTileDetection.mm in Sources */,
				2AC862E913354232004A65B9 /* SwitchTile.m in Sources */,
				2A07D1B71337CFAE00B37CB6 /* TutorialLevel.mm in Sources */,
				2A8B820D1337E7430008AA85 /* GameStateTutorial.mm in Sources */,
				2AB3C00C133D139000C890B6 /* FeedbackItem.m in Sources */,
				2A07F81D133F5F8B00A0E0BB /* LevelThree.mm in Sources */,
				2A07F820133F79E000A0E0BB /* Entity.m in Sources */,
				2A8C59CF134A33610026A894 /* GameStateMenu.m in Sources */,
				2A8C59D4134A450C0026A894 /* GameStateLevelEditor.mm in Sources */,
			);
			runOnlyForDeploymentPostprocessing = 0;
		};
/* End PBXSourcesBuildPhase section */

/* Begin XCBuildConfiguration section */
		1D6058940D05DD3E006BFB54 /* Debug */ = {
			isa = XCBuildConfiguration;
			buildSettings = {
				ALWAYS_SEARCH_USER_PATHS = NO;
				COPY_PHASE_STRIP = NO;
				GCC_DYNAMIC_NO_PIC = NO;
				GCC_OPTIMIZATION_LEVEL = 0;
				GCC_PRECOMPILE_PREFIX_HEADER = YES;
				GCC_PREFIX_HEADER = BomberBilly_Prefix.pch;
				INFOPLIST_FILE = "BomberBilly-Info.plist";
				IPHONEOS_DEPLOYMENT_TARGET = 4.2;
				PRODUCT_NAME = BomberBilly;
				VALIDATE_PRODUCT = NO;
			};
			name = Debug;
		};
		1D6058950D05DD3E006BFB54 /* Release */ = {
			isa = XCBuildConfiguration;
			buildSettings = {
				ALWAYS_SEARCH_USER_PATHS = NO;
				COPY_PHASE_STRIP = YES;
				GCC_PRECOMPILE_PREFIX_HEADER = YES;
				GCC_PREFIX_HEADER = BomberBilly_Prefix.pch;
				INFOPLIST_FILE = "BomberBilly-Info.plist";
				IPHONEOS_DEPLOYMENT_TARGET = 4.2;
				PRODUCT_NAME = BomberBilly;
				VALIDATE_PRODUCT = YES;
			};
			name = Release;
		};
		C01FCF4F08A954540054247B /* Debug */ = {
			isa = XCBuildConfiguration;
			buildSettings = {
				ARCHS = (
					"$(ARCHS_STANDARD_32_BIT)",
					armv6,
				);
				CODE_SIGN_IDENTITY = "iPhone Developer: Ruud van Falier (Y2553L957C)";
				"CODE_SIGN_IDENTITY[sdk=iphoneos*]" = "iPhone Developer: Ruud van Falier (Y2553L957C)";
				GCC_C_LANGUAGE_STANDARD = c99;
				GCC_WARN_ABOUT_RETURN_TYPE = YES;
				GCC_WARN_UNUSED_VARIABLE = YES;
				PROVISIONING_PROFILE = "7A052FE9-48B2-494C-B644-37466B274824";
				"PROVISIONING_PROFILE[sdk=iphoneos*]" = "7A052FE9-48B2-494C-B644-37466B274824";
				SDKROOT = iphoneos;
			};
			name = Debug;
		};
		C01FCF5008A954540054247B /* Release */ = {
			isa = XCBuildConfiguration;
			buildSettings = {
				ARCHS = (
					"$(ARCHS_STANDARD_32_BIT)",
					armv6,
				);
				CODE_SIGN_IDENTITY = "iPhone Developer: Ruud van Falier (Y2553L957C)";
				"CODE_SIGN_IDENTITY[sdk=iphoneos*]" = "iPhone Developer: Ruud van Falier (Y2553L957C)";
				GCC_C_LANGUAGE_STANDARD = c99;
				GCC_WARN_ABOUT_RETURN_TYPE = YES;
				GCC_WARN_UNUSED_VARIABLE = YES;
				OTHER_CFLAGS = "-DNS_BLOCK_ASSERTIONS=1";
				PROVISIONING_PROFILE = "7A052FE9-48B2-494C-B644-37466B274824";
				"PROVISIONING_PROFILE[sdk=iphoneos*]" = "7A052FE9-48B2-494C-B644-37466B274824";
				SDKROOT = iphoneos;
			};
			name = Release;
		};
/* End XCBuildConfiguration section */

/* Begin XCConfigurationList section */
		1D6058960D05DD3E006BFB54 /* Build configuration list for PBXNativeTarget "BomberBilly" */ = {
			isa = XCConfigurationList;
			buildConfigurations = (
				1D6058940D05DD3E006BFB54 /* Debug */,
				1D6058950D05DD3E006BFB54 /* Release */,
			);
			defaultConfigurationIsVisible = 0;
			defaultConfigurationName = Release;
		};
		C01FCF4E08A954540054247B /* Build configuration list for PBXProject "BomberBilly" */ = {
			isa = XCConfigurationList;
			buildConfigurations = (
				C01FCF4F08A954540054247B /* Debug */,
				C01FCF5008A954540054247B /* Release */,
			);
			defaultConfigurationIsVisible = 0;
			defaultConfigurationName = Release;
		};
/* End XCConfigurationList section */
	};
	rootObject = 29B97313FDCFA39411CA2CEA /* Project object */;
}
